
Microsoft Visual Studio Solution File, Format Version 12.00
# Visual Studio Version 16
VisualStudioVersion = 16.0.30413.136
MinimumVisualStudioVersion = 10.0.40219.1
Project("{9A19103F-16F7-4668-BE54-9A1E7A4F7556}") = "Promotion", "Promotion\Promotion.csproj", "{DA512120-0B62-4EB0-B64B-D3778E6B31AF}"
EndProject
Project("{FAE04EC0-301F-11D3-BF4B-00C04F79EFBC}") = "XUnitTestProject1", "XUnitTestProject1\XUnitTestProject1.csproj", "{3C1DB6CB-4A83-4D04-813B-23750ECD965C}"
EndProject
Global
	GlobalSection(SolutionConfigurationPlatforms) = preSolution
		Debug|Any CPU = Debug|Any CPU
		Release|Any CPU = Release|Any CPU
	EndGlobalSection
	GlobalSection(ProjectConfigurationPlatforms) = postSolution
		{DA512120-0B62-4EB0-B64B-D3778E6B31AF}.Debug|Any CPU.ActiveCfg = Debug|Any CPU
		{DA512120-0B62-4EB0-B64B-D3778E6B31AF}.Debug|Any CPU.Build.0 = Debug|Any CPU
		{DA512120-0B62-4EB0-B64B-D3778E6B31AF}.Release|Any CPU.ActiveCfg = Release|Any CPU
		{DA512120-0B62-4EB0-B64B-D3778E6B31AF}.Release|Any CPU.Build.0 = Release|Any CPU
		{3C1DB6CB-4A83-4D04-813B-23750ECD965C}.Debug|Any CPU.ActiveCfg = Debug|Any CPU
		{3C1DB6CB-4A83-4D04-813B-23750ECD965C}.Debug|Any CPU.Build.0 = Debug|Any CPU
		{3C1DB6CB-4A83-4D04-813B-23750ECD965C}.Release|Any CPU.ActiveCfg = Release|Any CPU
		{3C1DB6CB-4A83-4D04-813B-23750ECD965C}.Release|Any CPU.Build.0 = Release|Any CPU
	EndGlobalSection
	GlobalSection(SolutionProperties) = preSolution
		HideSolutionNode = FALSE
	EndGlobalSection
	GlobalSection(ExtensibilityGlobals) = postSolution
		SolutionGuid = {2A2F46E9-803E-4926-90B8-BA4ADA897389}
	EndGlobalSection
EndGlobal
